
Microsoft Visual Studio Solution File, Format Version 12.00
# Visual Studio Version 17
VisualStudioVersion = 17.1.32328.378
MinimumVisualStudioVersion = 10.0.40219.1
Project("{2150E333-8FDC-42A3-9474-1A3956D46DE8}") = "Client", "Client", "{B3A45915-51ED-4AE5-98F8-0180A7E0DC03}"
EndProject
Project("{2150E333-8FDC-42A3-9474-1A3956D46DE8}") = "MicroService", "MicroService", "{01B4748F-A703-4584-9F29-1ECC2B9CB70B}"
EndProject
Project("{2150E333-8FDC-42A3-9474-1A3956D46DE8}") = "Infrastructure", "Infrastructure", "{3E3C8FE2-31DF-413F-929C-D749EECA68EC}"
EndProject
Project("{9A19103F-16F7-4668-BE54-9A1E7A4F7556}") = "Repository", "Repository\Repository.csproj", "{A7DD6124-5DD6-4A92-9C3E-D7951B77145F}"
EndProject
Project("{9A19103F-16F7-4668-BE54-9A1E7A4F7556}") = "Service", "Service\Service.csproj", "{FBC6635B-8FE6-4BCD-B279-DA85A14A4B41}"
EndProject
Project("{9A19103F-16F7-4668-BE54-9A1E7A4F7556}") = "WebApp", "WebApp\WebApp.csproj", "{5C77B493-3D89-45B0-8EFE-E627C3ABACDF}"
EndProject
Project("{9A19103F-16F7-4668-BE54-9A1E7A4F7556}") = "WebAPI", "WebAPI\WebAPI.csproj", "{A1F8AB22-23FE-4309-A995-33D094621E6E}"
EndProject
Project("{9A19103F-16F7-4668-BE54-9A1E7A4F7556}") = "Common", "Common\Common.csproj", "{CA93AE55-6425-4941-A403-F68B3865B592}"
EndProject
Project("{2150E333-8FDC-42A3-9474-1A3956D46DE8}") = "Test", "Test", "{993E9419-0CAA-43E6-AD34-240A741F2CED}"
EndProject
Project("{9A19103F-16F7-4668-BE54-9A1E7A4F7556}") = "Test", "Test\Test.csproj", "{8EE8E6D8-B232-4EE6-ACB4-D1156A77446C}"
EndProject
Project("{9A19103F-16F7-4668-BE54-9A1E7A4F7556}") = "DAL", "DAL\DAL.csproj", "{9EC9B55D-8C21-4ECF-9B5C-63E3DD344C4F}"
EndProject
Project("{2150E333-8FDC-42A3-9474-1A3956D46DE8}") = "Mobile", "Mobile", "{75F70E11-C32B-4828-A7A9-F0941B4BBE4A}"
EndProject
Project("{9A19103F-16F7-4668-BE54-9A1E7A4F7556}") = "BlazorServerSignalRApp", "BlazorServerSignalRApp\BlazorServerSignalRApp.csproj", "{772665A7-01D0-4D6D-851D-BF388C88E8B8}"
EndProject
Global
	GlobalSection(SolutionConfigurationPlatforms) = preSolution
		Debug|Any CPU = Debug|Any CPU
		Release|Any CPU = Release|Any CPU
	EndGlobalSection
	GlobalSection(ProjectConfigurationPlatforms) = postSolution
		{A7DD6124-5DD6-4A92-9C3E-D7951B77145F}.Debug|Any CPU.ActiveCfg = Debug|Any CPU
		{A7DD6124-5DD6-4A92-9C3E-D7951B77145F}.Debug|Any CPU.Build.0 = Debug|Any CPU
		{A7DD6124-5DD6-4A92-9C3E-D7951B77145F}.Release|Any CPU.ActiveCfg = Release|Any CPU
		{A7DD6124-5DD6-4A92-9C3E-D7951B77145F}.Release|Any CPU.Build.0 = Release|Any CPU
		{FBC6635B-8FE6-4BCD-B279-DA85A14A4B41}.Debug|Any CPU.ActiveCfg = Debug|Any CPU
		{FBC6635B-8FE6-4BCD-B279-DA85A14A4B41}.Debug|Any CPU.Build.0 = Debug|Any CPU
		{FBC6635B-8FE6-4BCD-B279-DA85A14A4B41}.Release|Any CPU.ActiveCfg = Release|Any CPU
		{FBC6635B-8FE6-4BCD-B279-DA85A14A4B41}.Release|Any CPU.Build.0 = Release|Any CPU
		{5C77B493-3D89-45B0-8EFE-E627C3ABACDF}.Debug|Any CPU.ActiveCfg = Debug|Any CPU
		{5C77B493-3D89-45B0-8EFE-E627C3ABACDF}.Debug|Any CPU.Build.0 = Debug|Any CPU
		{5C77B493-3D89-45B0-8EFE-E627C3ABACDF}.Release|Any CPU.ActiveCfg = Release|Any CPU
		{5C77B493-3D89-45B0-8EFE-E627C3ABACDF}.Release|Any CPU.Build.0 = Release|Any CPU
		{A1F8AB22-23FE-4309-A995-33D094621E6E}.Debug|Any CPU.ActiveCfg = Debug|Any CPU
		{A1F8AB22-23FE-4309-A995-33D094621E6E}.Debug|Any CPU.Build.0 = Debug|Any CPU
		{A1F8AB22-23FE-4309-A995-33D094621E6E}.Release|Any CPU.ActiveCfg = Release|Any CPU
		{A1F8AB22-23FE-4309-A995-33D094621E6E}.Release|Any CPU.Build.0 = Release|Any CPU
		{CA93AE55-6425-4941-A403-F68B3865B592}.Debug|Any CPU.ActiveCfg = Debug|Any CPU
		{CA93AE55-6425-4941-A403-F68B3865B592}.Debug|Any CPU.Build.0 = Debug|Any CPU
		{CA93AE55-6425-4941-A403-F68B3865B592}.Release|Any CPU.ActiveCfg = Release|Any CPU
		{CA93AE55-6425-4941-A403-F68B3865B592}.Release|Any CPU.Build.0 = Release|Any CPU
		{8EE8E6D8-B232-4EE6-ACB4-D1156A77446C}.Debug|Any CPU.ActiveCfg = Debug|Any CPU
		{8EE8E6D8-B232-4EE6-ACB4-D1156A77446C}.Debug|Any CPU.Build.0 = Debug|Any CPU
		{8EE8E6D8-B232-4EE6-ACB4-D1156A77446C}.Release|Any CPU.ActiveCfg = Release|Any CPU
		{8EE8E6D8-B232-4EE6-ACB4-D1156A77446C}.Release|Any CPU.Build.0 = Release|Any CPU
		{9EC9B55D-8C21-4ECF-9B5C-63E3DD344C4F}.Debug|Any CPU.ActiveCfg = Debug|Any CPU
		{9EC9B55D-8C21-4ECF-9B5C-63E3DD344C4F}.Debug|Any CPU.Build.0 = Debug|Any CPU
		{9EC9B55D-8C21-4ECF-9B5C-63E3DD344C4F}.Release|Any CPU.ActiveCfg = Release|Any CPU
		{9EC9B55D-8C21-4ECF-9B5C-63E3DD344C4F}.Release|Any CPU.Build.0 = Release|Any CPU
		{772665A7-01D0-4D6D-851D-BF388C88E8B8}.Debug|Any CPU.ActiveCfg = Debug|Any CPU
		{772665A7-01D0-4D6D-851D-BF388C88E8B8}.Debug|Any CPU.Build.0 = Debug|Any CPU
		{772665A7-01D0-4D6D-851D-BF388C88E8B8}.Release|Any CPU.ActiveCfg = Release|Any CPU
		{772665A7-01D0-4D6D-851D-BF388C88E8B8}.Release|Any CPU.Build.0 = Release|Any CPU
	EndGlobalSection
	GlobalSection(SolutionProperties) = preSolution
		HideSolutionNode = FALSE
	EndGlobalSection
	GlobalSection(NestedProjects) = preSolution
		{A7DD6124-5DD6-4A92-9C3E-D7951B77145F} = {3E3C8FE2-31DF-413F-929C-D749EECA68EC}
		{FBC6635B-8FE6-4BCD-B279-DA85A14A4B41} = {3E3C8FE2-31DF-413F-929C-D749EECA68EC}
		{5C77B493-3D89-45B0-8EFE-E627C3ABACDF} = {B3A45915-51ED-4AE5-98F8-0180A7E0DC03}
		{A1F8AB22-23FE-4309-A995-33D094621E6E} = {01B4748F-A703-4584-9F29-1ECC2B9CB70B}
		{CA93AE55-6425-4941-A403-F68B3865B592} = {3E3C8FE2-31DF-413F-929C-D749EECA68EC}
		{8EE8E6D8-B232-4EE6-ACB4-D1156A77446C} = {993E9419-0CAA-43E6-AD34-240A741F2CED}
		{9EC9B55D-8C21-4ECF-9B5C-63E3DD344C4F} = {3E3C8FE2-31DF-413F-929C-D749EECA68EC}
		{772665A7-01D0-4D6D-851D-BF388C88E8B8} = {B3A45915-51ED-4AE5-98F8-0180A7E0DC03}
	EndGlobalSection
	GlobalSection(ExtensibilityGlobals) = postSolution
		SolutionGuid = {1BE39973-415F-411C-A7A3-48C805A89AC0}
	EndGlobalSection
EndGlobal
